
Microsoft Visual Studio Solution File, Format Version 12.00
# Visual Studio Version 17
VisualStudioVersion = 17.8.34309.116
MinimumVisualStudioVersion = 10.0.40219.1
Project("{FAE04EC0-301F-11D3-BF4B-00C04F79EFBC}") = "WebApp", "WebApp\WebApp.csproj", "{FE15BB95-A842-4CDB-9D1C-BBB1AE6750A6}"
EndProject
Project("{FAE04EC0-301F-11D3-BF4B-00C04F79EFBC}") = "Infrastructure", "Infrastructure\Infrastructure.csproj", "{67FF134F-CB48-4097-A7D3-2860DA8063AB}"
EndProject
Global
	GlobalSection(SolutionConfigurationPlatforms) = preSolution
		Debug|Any CPU = Debug|Any CPU
		Release|Any CPU = Release|Any CPU
	EndGlobalSection
	GlobalSection(ProjectConfigurationPlatforms) = postSolution
		{FE15BB95-A842-4CDB-9D1C-BBB1AE6750A6}.Debug|Any CPU.ActiveCfg = Debug|Any CPU
		{FE15BB95-A842-4CDB-9D1C-BBB1AE6750A6}.Debug|Any CPU.Build.0 = Debug|Any CPU
		{FE15BB95-A842-4CDB-9D1C-BBB1AE6750A6}.Release|Any CPU.ActiveCfg = Release|Any CPU
		{FE15BB95-A842-4CDB-9D1C-BBB1AE6750A6}.Release|Any CPU.Build.0 = Release|Any CPU
		{67FF134F-CB48-4097-A7D3-2860DA8063AB}.Debug|Any CPU.ActiveCfg = Debug|Any CPU
		{67FF134F-CB48-4097-A7D3-2860DA8063AB}.Debug|Any CPU.Build.0 = Debug|Any CPU
		{67FF134F-CB48-4097-A7D3-2860DA8063AB}.Release|Any CPU.ActiveCfg = Release|Any CPU
		{67FF134F-CB48-4097-A7D3-2860DA8063AB}.Release|Any CPU.Build.0 = Release|Any CPU
	EndGlobalSection
	GlobalSection(SolutionProperties) = preSolution
		HideSolutionNode = FALSE
	EndGlobalSection
	GlobalSection(ExtensibilityGlobals) = postSolution
		SolutionGuid = {08D33FDE-BA2F-4AED-A26B-E081D43C7C1D}
	EndGlobalSection
EndGlobal
